
Microsoft Visual Studio Solution File, Format Version 12.00
# Visual Studio Version 17
VisualStudioVersion = 17.0.31903.59
MinimumVisualStudioVersion = 10.0.40219.1
Project("{FAE04EC0-301F-11D3-BF4B-00C04F79EFBC}") = "Aml.BOM.Import.Domain", "Aml.BOM.Import.Domain\Aml.BOM.Import.Domain.csproj", "{1EF63659-6681-442F-8858-5DE6B6103D55}"
EndProject
Project("{FAE04EC0-301F-11D3-BF4B-00C04F79EFBC}") = "Aml.BOM.Import.Shared", "Aml.BOM.Import.Shared\Aml.BOM.Import.Shared.csproj", "{FB0C18E2-990D-470A-8F82-3EA0E1CD9ADF}"
EndProject
Project("{FAE04EC0-301F-11D3-BF4B-00C04F79EFBC}") = "Aml.BOM.Import.Application", "Aml.BOM.Import.Application\Aml.BOM.Import.Application.csproj", "{5359B6A9-B892-4A17-9494-4D646B722C41}"
EndProject
Project("{FAE04EC0-301F-11D3-BF4B-00C04F79EFBC}") = "Aml.BOM.Import.Infrastructure", "Aml.BOM.Import.Infrastructure\Aml.BOM.Import.Infrastructure.csproj", "{39792D4C-C03D-4248-95AA-D201C32E230E}"
EndProject
Project("{FAE04EC0-301F-11D3-BF4B-00C04F79EFBC}") = "Aml.BOM.Import.UI", "Aml.BOM.Import.UI\Aml.BOM.Import.UI.csproj", "{76B0396D-AC0D-43AD-AF6D-56A48AB2DAAE}"
EndProject
Project("{FAE04EC0-301F-11D3-BF4B-00C04F79EFBC}") = "Aml.BOM.Import.Tests", "Aml.BOM.Import.Tests\Aml.BOM.Import.Tests.csproj", "{7F426CEB-121E-4DA6-BDFB-4037685AD437}"
EndProject
Global
	GlobalSection(SolutionConfigurationPlatforms) = preSolution
		Debug|Any CPU = Debug|Any CPU
		Debug|x64 = Debug|x64
		Debug|x86 = Debug|x86
		Release|Any CPU = Release|Any CPU
		Release|x64 = Release|x64
		Release|x86 = Release|x86
	EndGlobalSection
	GlobalSection(ProjectConfigurationPlatforms) = postSolution
		{1EF63659-6681-442F-8858-5DE6B6103D55}.Debug|Any CPU.ActiveCfg = Debug|Any CPU
		{1EF63659-6681-442F-8858-5DE6B6103D55}.Debug|Any CPU.Build.0 = Debug|Any CPU
		{1EF63659-6681-442F-8858-5DE6B6103D55}.Debug|x64.ActiveCfg = Debug|Any CPU
		{1EF63659-6681-442F-8858-5DE6B6103D55}.Debug|x64.Build.0 = Debug|Any CPU
		{1EF63659-6681-442F-8858-5DE6B6103D55}.Debug|x86.ActiveCfg = Debug|Any CPU
		{1EF63659-6681-442F-8858-5DE6B6103D55}.Debug|x86.Build.0 = Debug|Any CPU
		{1EF63659-6681-442F-8858-5DE6B6103D55}.Release|Any CPU.ActiveCfg = Release|Any CPU
		{1EF63659-6681-442F-8858-5DE6B6103D55}.Release|Any CPU.Build.0 = Release|Any CPU
		{1EF63659-6681-442F-8858-5DE6B6103D55}.Release|x64.ActiveCfg = Release|Any CPU
		{1EF63659-6681-442F-8858-5DE6B6103D55}.Release|x64.Build.0 = Release|Any CPU
		{1EF63659-6681-442F-8858-5DE6B6103D55}.Release|x86.ActiveCfg = Release|Any CPU
		{1EF63659-6681-442F-8858-5DE6B6103D55}.Release|x86.Build.0 = Release|Any CPU
		{FB0C18E2-990D-470A-8F82-3EA0E1CD9ADF}.Debug|Any CPU.ActiveCfg = Debug|Any CPU
		{FB0C18E2-990D-470A-8F82-3EA0E1CD9ADF}.Debug|Any CPU.Build.0 = Debug|Any CPU
		{FB0C18E2-990D-470A-8F82-3EA0E1CD9ADF}.Debug|x64.ActiveCfg = Debug|Any CPU
		{FB0C18E2-990D-470A-8F82-3EA0E1CD9ADF}.Debug|x64.Build.0 = Debug|Any CPU
		{FB0C18E2-990D-470A-8F82-3EA0E1CD9ADF}.Debug|x86.ActiveCfg = Debug|Any CPU
		{FB0C18E2-990D-470A-8F82-3EA0E1CD9ADF}.Debug|x86.Build.0 = Debug|Any CPU
		{FB0C18E2-990D-470A-8F82-3EA0E1CD9ADF}.Release|Any CPU.ActiveCfg = Release|Any CPU
		{FB0C18E2-990D-470A-8F82-3EA0E1CD9ADF}.Release|Any CPU.Build.0 = Release|Any CPU
		{FB0C18E2-990D-470A-8F82-3EA0E1CD9ADF}.Release|x64.ActiveCfg = Release|Any CPU
		{FB0C18E2-990D-470A-8F82-3EA0E1CD9ADF}.Release|x64.Build.0 = Release|Any CPU
		{FB0C18E2-990D-470A-8F82-3EA0E1CD9ADF}.Release|x86.ActiveCfg = Release|Any CPU
		{FB0C18E2-990D-470A-8F82-3EA0E1CD9ADF}.Release|x86.Build.0 = Release|Any CPU
		{5359B6A9-B892-4A17-9494-4D646B722C41}.Debug|Any CPU.ActiveCfg = Debug|Any CPU
		{5359B6A9-B892-4A17-9494-4D646B722C41}.Debug|Any CPU.Build.0 = Debug|Any CPU
		{5359B6A9-B892-4A17-9494-4D646B722C41}.Debug|x64.ActiveCfg = Debug|Any CPU
		{5359B6A9-B892-4A17-9494-4D646B722C41}.Debug|x64.Build.0 = Debug|Any CPU
		{5359B6A9-B892-4A17-9494-4D646B722C41}.Debug|x86.ActiveCfg = Debug|Any CPU
		{5359B6A9-B892-4A17-9494-4D646B722C41}.Debug|x86.Build.0 = Debug|Any CPU
		{5359B6A9-B892-4A17-9494-4D646B722C41}.Release|Any CPU.ActiveCfg = Release|Any CPU
		{5359B6A9-B892-4A17-9494-4D646B722C41}.Release|Any CPU.Build.0 = Release|Any CPU
		{5359B6A9-B892-4A17-9494-4D646B722C41}.Release|x64.ActiveCfg = Release|Any CPU
		{5359B6A9-B892-4A17-9494-4D646B722C41}.Release|x64.Build.0 = Release|Any CPU
		{5359B6A9-B892-4A17-9494-4D646B722C41}.Release|x86.ActiveCfg = Release|Any CPU
		{5359B6A9-B892-4A17-9494-4D646B722C41}.Release|x86.Build.0 = Release|Any CPU
		{39792D4C-C03D-4248-95AA-D201C32E230E}.Debug|Any CPU.ActiveCfg = Debug|Any CPU
		{39792D4C-C03D-4248-95AA-D201C32E230E}.Debug|Any CPU.Build.0 = Debug|Any CPU
		{39792D4C-C03D-4248-95AA-D201C32E230E}.Debug|x64.ActiveCfg = Debug|Any CPU
		{39792D4C-C03D-4248-95AA-D201C32E230E}.Debug|x64.Build.0 = Debug|Any CPU
		{39792D4C-C03D-4248-95AA-D201C32E230E}.Debug|x86.ActiveCfg = Debug|Any CPU
		{39792D4C-C03D-4248-95AA-D201C32E230E}.Debug|x86.Build.0 = Debug|Any CPU
		{39792D4C-C03D-4248-95AA-D201C32E230E}.Release|Any CPU.ActiveCfg = Release|Any CPU
		{39792D4C-C03D-4248-95AA-D201C32E230E}.Release|Any CPU.Build.0 = Release|Any CPU
		{39792D4C-C03D-4248-95AA-D201C32E230E}.Release|x64.ActiveCfg = Release|Any CPU
		{39792D4C-C03D-4248-95AA-D201C32E230E}.Release|x64.Build.0 = Release|Any CPU
		{39792D4C-C03D-4248-95AA-D201C32E230E}.Release|x86.ActiveCfg = Release|Any CPU
		{39792D4C-C03D-4248-95AA-D201C32E230E}.Release|x86.Build.0 = Release|Any CPU
		{76B0396D-AC0D-43AD-AF6D-56A48AB2DAAE}.Debug|Any CPU.ActiveCfg = Debug|Any CPU
		{76B0396D-AC0D-43AD-AF6D-56A48AB2DAAE}.Debug|Any CPU.Build.0 = Debug|Any CPU
		{76B0396D-AC0D-43AD-AF6D-56A48AB2DAAE}.Debug|x64.ActiveCfg = Debug|Any CPU
		{76B0396D-AC0D-43AD-AF6D-56A48AB2DAAE}.Debug|x64.Build.0 = Debug|Any CPU
		{76B0396D-AC0D-43AD-AF6D-56A48AB2DAAE}.Debug|x86.ActiveCfg = Debug|Any CPU
		{76B0396D-AC0D-43AD-AF6D-56A48AB2DAAE}.Debug|x86.Build.0 = Debug|Any CPU
		{76B0396D-AC0D-43AD-AF6D-56A48AB2DAAE}.Release|Any CPU.ActiveCfg = Release|Any CPU
		{76B0396D-AC0D-43AD-AF6D-56A48AB2DAAE}.Release|Any CPU.Build.0 = Release|Any CPU
		{76B0396D-AC0D-43AD-AF6D-56A48AB2DAAE}.Release|x64.ActiveCfg = Release|Any CPU
		{76B0396D-AC0D-43AD-AF6D-56A48AB2DAAE}.Release|x64.Build.0 = Release|Any CPU
		{76B0396D-AC0D-43AD-AF6D-56A48AB2DAAE}.Release|x86.ActiveCfg = Release|Any CPU
		{76B0396D-AC0D-43AD-AF6D-56A48AB2DAAE}.Release|x86.Build.0 = Release|Any CPU
		{7F426CEB-121E-4DA6-BDFB-4037685AD437}.Debug|Any CPU.ActiveCfg = Debug|Any CPU
		{7F426CEB-121E-4DA6-BDFB-4037685AD437}.Debug|Any CPU.Build.0 = Debug|Any CPU
		{7F426CEB-121E-4DA6-BDFB-4037685AD437}.Debug|x64.ActiveCfg = Debug|Any CPU
		{7F426CEB-121E-4DA6-BDFB-4037685AD437}.Debug|x64.Build.0 = Debug|Any CPU
		{7F426CEB-121E-4DA6-BDFB-4037685AD437}.Debug|x86.ActiveCfg = Debug|Any CPU
		{7F426CEB-121E-4DA6-BDFB-4037685AD437}.Debug|x86.Build.0 = Debug|Any CPU
		{7F426CEB-121E-4DA6-BDFB-4037685AD437}.Release|Any CPU.ActiveCfg = Release|Any CPU
		{7F426CEB-121E-4DA6-BDFB-4037685AD437}.Release|Any CPU.Build.0 = Release|Any CPU
		{7F426CEB-121E-4DA6-BDFB-4037685AD437}.Release|x64.ActiveCfg = Release|Any CPU
		{7F426CEB-121E-4DA6-BDFB-4037685AD437}.Release|x64.Build.0 = Release|Any CPU
		{7F426CEB-121E-4DA6-BDFB-4037685AD437}.Release|x86.ActiveCfg = Release|Any CPU
		{7F426CEB-121E-4DA6-BDFB-4037685AD437}.Release|x86.Build.0 = Release|Any CPU
	EndGlobalSection
	GlobalSection(SolutionProperties) = preSolution
		HideSolutionNode = FALSE
	EndGlobalSection
EndGlobal
